PODS:
  - Amplitude (8.14.0):
    - AnalyticsConnector (~> 1.0.0)
  - amplitude_flutter (0.0.1):
    - Amplitude (= 8.14.0)
    - Flutter
  - AnalyticsConnector (1.0.1)
  - appsflyer_sdk (6.8.0):
    - AppsFlyerFramework (= 6.9.1)
    - Flutter
  - AppsFlyerFramework (6.9.1):
    - AppsFlyerFramework/Main (= 6.9.1)
  - AppsFlyerFramework/Main (6.9.1)
  - audio_session (0.0.1):
    - Flutter
  - Firebase/CoreOnly (10.3.0):
    - FirebaseCore (= 10.3.0)
  - firebase_core (2.7.0):
    - Firebase/CoreOnly (= 10.3.0)
    - Flutter
  - FirebaseCore (10.3.0):
    - FirebaseCoreInternal (~> 10.0)
    - GoogleUtilities/Environment (~> 7.8)
    - GoogleUtilities/Logger (~> 7.8)
  - FirebaseCoreInternal (10.5.0):
    - "GoogleUtilities/NSData+zlib (~> 7.8)"
  - Flutter (1.0.0)
  - GoogleUtilities/Environment (7.11.0):
    - PromisesObjC (< 3.0, >= 1.2)
  - GoogleUtilities/Logger (7.11.0):
    - GoogleUtilities/Environment
  - "GoogleUtilities/NSData+zlib (7.11.0)"
  - just_audio (0.0.1):
    - Flutter
  - onesignal_flutter (3.5.0):
    - Flutter
    - OneSignalXCFramework (= 3.12.3)
  - OneSignalXCFramework (3.12.3):
    - OneSignalXCFramework/OneSignalCore (= 3.12.3)
    - OneSignalXCFramework/OneSignalExtension (= 3.12.3)
    - OneSignalXCFramework/OneSignalOutcomes (= 3.12.3)
  - OneSignalXCFramework/OneSignalCore (3.12.3)
  - OneSignalXCFramework/OneSignalExtension (3.12.3):
    - OneSignalXCFramework/OneSignalCore
    - OneSignalXCFramework/OneSignalOutcomes
  - OneSignalXCFramework/OneSignalOutcomes (3.12.3):
    - OneSignalXCFramework/OneSignalCore
  - path_provider_foundation (0.0.1):
    - Flutter
    - FlutterMacOS
  - PromisesObjC (2.2.0)
  - url_launcher_ios (0.0.1):
    - Flutter

DEPENDENCIES:
  - amplitude_flutter (from `.symlinks/plugins/amplitude_flutter/ios`)
  - appsflyer_sdk (from `.symlinks/plugins/appsflyer_sdk/ios`)
  - audio_session (from `.symlinks/plugins/audio_session/ios`)
  - firebase_core (from `.symlinks/plugins/firebase_core/ios`)
  - Flutter (from `Flutter`)
  - just_audio (from `.symlinks/plugins/just_audio/ios`)
  - onesignal_flutter (from `.symlinks/plugins/onesignal_flutter/ios`)
  - OneSignalXCFramework (< 4.0, >= 3.4.3)
  - path_provider_foundation (from `.symlinks/plugins/path_provider_foundation/ios`)
  - url_launcher_ios (from `.symlinks/plugins/url_launcher_ios/ios`)

SPEC REPOS:
  trunk:
    - Amplitude
    - AnalyticsConnector
    - AppsFlyerFramework
    - Firebase
    - FirebaseCore
    - FirebaseCoreInternal
    - GoogleUtilities
    - OneSignalXCFramework
    - PromisesObjC

EXTERNAL SOURCES:
  amplitude_flutter:
    :path: ".symlinks/plugins/amplitude_flutter/ios"
  appsflyer_sdk:
    :path: ".symlinks/plugins/appsflyer_sdk/ios"
  audio_session:
    :path: ".symlinks/plugins/audio_session/ios"
  firebase_core:
    :path: ".symlinks/plugins/firebase_core/ios"
  Flutter:
    :path: Flutter
  just_audio:
    :path: ".symlinks/plugins/just_audio/ios"
  onesignal_flutter:
    :path: ".symlinks/plugins/onesignal_flutter/ios"
  path_provider_foundation:
    :path: ".symlinks/plugins/path_provider_foundation/ios"
  url_launcher_ios:
    :path: ".symlinks/plugins/url_launcher_ios/ios"

SPEC CHECKSUMS:
  Amplitude: bff4ceaad2a79e908682134d75dc862960594ea6
  amplitude_flutter: c9e02275996053186318b8821e7e87a1d1918a23
  AnalyticsConnector: eccd7e1cd3dd18e6bd09ac2506e37d4ed43ba3f4
  appsflyer_sdk: f420e5007d635511073ed8c63b2c6fcedefb4cba
  AppsFlyerFramework: dc9aa675faa8e1a2ed40fb295d3c5408ee2b972a
  audio_session: 4f3e461722055d21515cf3261b64c973c062f345
  Firebase: f92fc551ead69c94168d36c2b26188263860acd9
  firebase_core: 128d8c43c3a453a4a67463314fc3761bedff860b
  FirebaseCore: 988754646ab3bd4bdcb740f1bfe26b9f6c0d5f2a
  FirebaseCoreInternal: e463f41bb935cd049505bf7e9a5bdd7dcea90df6
  Flutter: f04841e97a9d0b0a8025694d0796dd46242b2854
  GoogleUtilities: c2bdc4cf2ce786c4d2e6b3bcfd599a25ca78f06f
  just_audio: baa7252489dbcf47a4c7cc9ca663e9661c99aafa
  onesignal_flutter: e01b19b76406d2f303edabe36da8dc747443d679
  OneSignalXCFramework: 75844c29607ca95e6176f6f21257b4382c7fdbfb
  path_provider_foundation: 37748e03f12783f9de2cb2c4eadfaa25fe6d4852
  PromisesObjC: 09985d6d70fbe7878040aa746d78236e6946d2ef
  url_launcher_ios: fb12c43172927bb5cf75aeebd073f883801f1993

PODFILE CHECKSUM: f4eb26c616f9083699b4c54a10929fa185ede2c8

COCOAPODS: 1.12.0
